
Microsoft Visual Studio Solution File, Format Version 12.00
# Visual Studio Version 16
VisualStudioVersion = 16.0.30804.86
MinimumVisualStudioVersion = 10.0.40219.1
Project("{FAE04EC0-301F-11D3-BF4B-00C04F79EFBC}") = "P01_HospitalDatabase", "P01_HospitalDatabase\P01_HospitalDatabase.csproj", "{008D14D6-3228-4AAA-B7C8-5728A62FCABE}"
EndProject
Project("{FAE04EC0-301F-11D3-BF4B-00C04F79EFBC}") = "P01_HospitalDatabase.Data", "P01_HospitalDatabase.Data\P01_HospitalDatabase.Data.csproj", "{84D9D9B5-E624-48F6-B43D-C82FF5472EDC}"
EndProject
Project("{FAE04EC0-301F-11D3-BF4B-00C04F79EFBC}") = "P01_HospitalDatabase.Data.Models", "P01_HospitalDatabase.Data.Models\P01_HospitalDatabase.Data.Models.csproj", "{62312AA5-A152-48DE-8B16-19BFF2E42FAA}"
EndProject
Global
	GlobalSection(SolutionConfigurationPlatforms) = preSolution
		Debug|Any CPU = Debug|Any CPU
		Release|Any CPU = Release|Any CPU
	EndGlobalSection
	GlobalSection(ProjectConfigurationPlatforms) = postSolution
		{008D14D6-3228-4AAA-B7C8-5728A62FCABE}.Debug|Any CPU.ActiveCfg = Debug|Any CPU
		{008D14D6-3228-4AAA-B7C8-5728A62FCABE}.Debug|Any CPU.Build.0 = Debug|Any CPU
		{008D14D6-3228-4AAA-B7C8-5728A62FCABE}.Release|Any CPU.ActiveCfg = Release|Any CPU
		{008D14D6-3228-4AAA-B7C8-5728A62FCABE}.Release|Any CPU.Build.0 = Release|Any CPU
		{84D9D9B5-E624-48F6-B43D-C82FF5472EDC}.Debug|Any CPU.ActiveCfg = Debug|Any CPU
		{84D9D9B5-E624-48F6-B43D-C82FF5472EDC}.Debug|Any CPU.Build.0 = Debug|Any CPU
		{84D9D9B5-E624-48F6-B43D-C82FF5472EDC}.Release|Any CPU.ActiveCfg = Release|Any CPU
		{84D9D9B5-E624-48F6-B43D-C82FF5472EDC}.Release|Any CPU.Build.0 = Release|Any CPU
		{62312AA5-A152-48DE-8B16-19BFF2E42FAA}.Debug|Any CPU.ActiveCfg = Debug|Any CPU
		{62312AA5-A152-48DE-8B16-19BFF2E42FAA}.Debug|Any CPU.Build.0 = Debug|Any CPU
		{62312AA5-A152-48DE-8B16-19BFF2E42FAA}.Release|Any CPU.ActiveCfg = Release|Any CPU
		{62312AA5-A152-48DE-8B16-19BFF2E42FAA}.Release|Any CPU.Build.0 = Release|Any CPU
	EndGlobalSection
	GlobalSection(SolutionProperties) = preSolution
		HideSolutionNode = FALSE
	EndGlobalSection
	GlobalSection(ExtensibilityGlobals) = postSolution
		SolutionGuid = {999936A7-973E-4ECB-AE66-FD23D1BE6967}
	EndGlobalSection
EndGlobal
