
Microsoft Visual Studio Solution File, Format Version 12.00
# Visual Studio Version 16
VisualStudioVersion = 16.0.30804.86
MinimumVisualStudioVersion = 10.0.40219.1
Project("{FAE04EC0-301F-11D3-BF4B-00C04F79EFBC}") = "P03_SalesDatabase", "StartUp\P03_SalesDatabase.csproj", "{008B8811-20E5-43B0-ADCA-E202D3582E9C}"
EndProject
Project("{FAE04EC0-301F-11D3-BF4B-00C04F79EFBC}") = "P03_SalesDatabase.Data", "P03_SalesDatabase.Data\P03_SalesDatabase.Data.csproj", "{E88A1E57-0F09-4A4A-AA50-897F0CB7E6E9}"
EndProject
Project("{FAE04EC0-301F-11D3-BF4B-00C04F79EFBC}") = "P03_SalesDatabase.Data.Models", "P03_SalesDatabase.Data.Models\P03_SalesDatabase.Data.Models.csproj", "{7BFCEB6F-9E83-40C4-A021-79CACF55B553}"
EndProject
Global
	GlobalSection(SolutionConfigurationPlatforms) = preSolution
		Debug|Any CPU = Debug|Any CPU
		Release|Any CPU = Release|Any CPU
	EndGlobalSection
	GlobalSection(ProjectConfigurationPlatforms) = postSolution
		{008B8811-20E5-43B0-ADCA-E202D3582E9C}.Debug|Any CPU.ActiveCfg = Debug|Any CPU
		{008B8811-20E5-43B0-ADCA-E202D3582E9C}.Debug|Any CPU.Build.0 = Debug|Any CPU
		{008B8811-20E5-43B0-ADCA-E202D3582E9C}.Release|Any CPU.ActiveCfg = Release|Any CPU
		{008B8811-20E5-43B0-ADCA-E202D3582E9C}.Release|Any CPU.Build.0 = Release|Any CPU
		{E88A1E57-0F09-4A4A-AA50-897F0CB7E6E9}.Debug|Any CPU.ActiveCfg = Debug|Any CPU
		{E88A1E57-0F09-4A4A-AA50-897F0CB7E6E9}.Debug|Any CPU.Build.0 = Debug|Any CPU
		{E88A1E57-0F09-4A4A-AA50-897F0CB7E6E9}.Release|Any CPU.ActiveCfg = Release|Any CPU
		{E88A1E57-0F09-4A4A-AA50-897F0CB7E6E9}.Release|Any CPU.Build.0 = Release|Any CPU
		{7BFCEB6F-9E83-40C4-A021-79CACF55B553}.Debug|Any CPU.ActiveCfg = Debug|Any CPU
		{7BFCEB6F-9E83-40C4-A021-79CACF55B553}.Debug|Any CPU.Build.0 = Debug|Any CPU
		{7BFCEB6F-9E83-40C4-A021-79CACF55B553}.Release|Any CPU.ActiveCfg = Release|Any CPU
		{7BFCEB6F-9E83-40C4-A021-79CACF55B553}.Release|Any CPU.Build.0 = Release|Any CPU
	EndGlobalSection
	GlobalSection(SolutionProperties) = preSolution
		HideSolutionNode = FALSE
	EndGlobalSection
	GlobalSection(ExtensibilityGlobals) = postSolution
		SolutionGuid = {BD79288B-6108-4D82-8DBF-3EB6D512805A}
	EndGlobalSection
EndGlobal
